
Microsoft Visual Studio Solution File, Format Version 12.00
# Visual Studio 15
VisualStudioVersion = 15.0.28307.102
MinimumVisualStudioVersion = 10.0.40219.1
Project("{FAE04EC0-301F-11D3-BF4B-00C04F79EFBC}") = "InterProject", "InterProject\InterProject.csproj", "{C13D3029-B897-4CC6-8AFA-9B2E7767571F}"
EndProject
Project("{2150E333-8FDC-42A3-9474-1A3956D46DE8}") = "BLL", "BLL", "{C0FE5107-0E6E-4BB9-9643-A7A833F1B46E}"
EndProject
Project("{2150E333-8FDC-42A3-9474-1A3956D46DE8}") = "DAL", "DAL", "{E330277A-F1C0-430B-A1C1-F07C4622E7F0}"
EndProject
Project("{2150E333-8FDC-42A3-9474-1A3956D46DE8}") = "DataContext", "DataContext", "{A54C452C-40C7-4203-9B7B-B29588FCE759}"
EndProject
Project("{2150E333-8FDC-42A3-9474-1A3956D46DE8}") = "Model", "Model", "{FC2543F7-E5D0-45F7-BC25-10EBAF84CA72}"
EndProject
Global
	GlobalSection(SolutionConfigurationPlatforms) = preSolution
		Debug|Any CPU = Debug|Any CPU
		Release|Any CPU = Release|Any CPU
	EndGlobalSection
	GlobalSection(ProjectConfigurationPlatforms) = postSolution
		{C13D3029-B897-4CC6-8AFA-9B2E7767571F}.Debug|Any CPU.ActiveCfg = Debug|Any CPU
		{C13D3029-B897-4CC6-8AFA-9B2E7767571F}.Debug|Any CPU.Build.0 = Debug|Any CPU
		{C13D3029-B897-4CC6-8AFA-9B2E7767571F}.Release|Any CPU.ActiveCfg = Release|Any CPU
		{C13D3029-B897-4CC6-8AFA-9B2E7767571F}.Release|Any CPU.Build.0 = Release|Any CPU
	EndGlobalSection
	GlobalSection(SolutionProperties) = preSolution
		HideSolutionNode = FALSE
	EndGlobalSection
	GlobalSection(NestedProjects) = preSolution
		{A54C452C-40C7-4203-9B7B-B29588FCE759} = {E330277A-F1C0-430B-A1C1-F07C4622E7F0}
		{FC2543F7-E5D0-45F7-BC25-10EBAF84CA72} = {E330277A-F1C0-430B-A1C1-F07C4622E7F0}
	EndGlobalSection
	GlobalSection(ExtensibilityGlobals) = postSolution
		SolutionGuid = {91D7C04B-F35A-4247-A914-80097119E945}
	EndGlobalSection
EndGlobal
